// !$*UTF8*$!
{
	archiveVersion = 1;
	classes = {
	};
	objectVersion = 51;
	objects = {

/* Begin PBXBuildFile section */
		596AC5D62499585E00F8CBAE /* MovieDetailsViewController.swift in Sources */ = {isa = PBXBuildFile; fileRef = 596AC5D52499585E00F8CBAE /* MovieDetailsViewController.swift */; };
		596AC5D824998DFD00F8CBAE /* MovieGridViewController.swift in Sources */ = {isa = PBXBuildFile; fileRef = 596AC5D724998DFD00F8CBAE /* MovieGridViewController.swift */; };
		596AC5DA2499934400F8CBAE /* MovieGridCollectionViewCell.swift in Sources */ = {isa = PBXBuildFile; fileRef = 596AC5D92499934400F8CBAE /* MovieGridCollectionViewCell.swift */; };
		599F9FCD24925B9C00214470 /* AppDelegate.swift in Sources */ = {isa = PBXBuildFile; fileRef = 599F9FCC24925B9C00214470 /* AppDelegate.swift */; };
		599F9FCF24925B9C00214470 /* SceneDelegate.swift in Sources */ = {isa = PBXBuildFile; fileRef = 599F9FCE24925B9C00214470 /* SceneDelegate.swift */; };
		599F9FD424925B9C00214470 /* Main.storyboard in Resources */ = {isa = PBXBuildFile; fileRef = 599F9FD224925B9C00214470 /* Main.storyboard */; };
		599F9FD624925BA700214470 /* Assets.xcassets in Resources */ = {isa = PBXBuildFile; fileRef = 599F9FD524925BA700214470 /* Assets.xcassets */; };
		599F9FD924925BA700214470 /* LaunchScreen.storyboard in Resources */ = {isa = PBXBuildFile; fileRef = 599F9FD724925BA700214470 /* LaunchScreen.storyboard */; };
		599F9FE124925FD900214470 /* MoviesViewController.swift in Sources */ = {isa = PBXBuildFile; fileRef = 599F9FE024925FD900214470 /* MoviesViewController.swift */; };
		599F9FE32492663300214470 /* MovieCell.swift in Sources */ = {isa = PBXBuildFile; fileRef = 599F9FE22492663300214470 /* MovieCell.swift */; };
		CC555CA87835E454FFF0D0ED /* Pods_FlixApp.framework in Frameworks */ = {isa = PBXBuildFile; fileRef = 106334BB9DFA6AD88EF3AC8F /* Pods_FlixApp.framework */; };
/* End PBXBuildFile section */

/* Begin PBXFileReference section */
		0C444F22B8B5FC69583271F4 /* Pods-FlixApp.release.xcconfig */ = {isa = PBXFileReference; includeInIndex = 1; lastKnownFileType = text.xcconfig; name = "Pods-FlixApp.release.xcconfig"; path = "Target Support Files/Pods-FlixApp/Pods-FlixApp.release.xcconfig"; sourceTree = "<group>"; };
		106334BB9DFA6AD88EF3AC8F /* Pods_FlixApp.framework */ = {isa = PBXFileReference; explicitFileType = wrapper.framework; includeInIndex = 0; path = Pods_FlixApp.framework; sourceTree = BUILT_PRODUCTS_DIR; };
		58C47CC309BB33940D139B78 /* Pods-FlixApp.debug.xcconfig */ = {isa = PBXFileReference; includeInIndex = 1; lastKnownFileType = text.xcconfig; name = "Pods-FlixApp.debug.xcconfig"; path = "Target Support Files/Pods-FlixApp/Pods-FlixApp.debug.xcconfig"; sourceTree = "<group>"; };
		596AC5D52499585E00F8CBAE /* MovieDetailsViewController.swift */ = {isa = PBXFileReference; lastKnownFileType = sourcecode.swift; path = MovieDetailsViewController.swift; sourceTree = "<group>"; };
		596AC5D724998DFD00F8CBAE /* MovieGridViewController.swift */ = {isa = PBXFileReference; lastKnownFileType = sourcecode.swift; path = MovieGridViewController.swift; sourceTree = "<group>"; };
		596AC5D92499934400F8CBAE /* MovieGridCollectionViewCell.swift */ = {isa = PBXFileReference; lastKnownFileType = sourcecode.swift; path = MovieGridCollectionViewCell.swift; sourceTree = "<group>"; };
		599F9FC924925B9C00214470 /* FlixApp.app */ = {isa = PBXFileReference; explicitFileType = wrapper.application; includeInIndex = 0; path = FlixApp.app; sourceTree = BUILT_PRODUCTS_DIR; };
		599F9FCC24925B9C00214470 /* AppDelegate.swift */ = {isa = PBXFileReference; lastKnownFileType = sourcecode.swift; path = AppDelegate.swift; sourceTree = "<group>"; };
		599F9FCE24925B9C00214470 /* SceneDelegate.swift */ = {isa = PBXFileReference; lastKnownFileType = sourcecode.swift; path = SceneDelegate.swift; sourceTree = "<group>"; };
		599F9FD324925B9C00214470 /* Base */ = {isa = PBXFileReference; lastKnownFileType = file.storyboard; name = Base; path = Base.lproj/Main.storyboard; sourceTree = "<group>"; };
		599F9FD524925BA700214470 /* Assets.xcassets */ = {isa = PBXFileReference; lastKnownFileType = folder.assetcatalog; path = Assets.xcassets; sourceTree = "<group>"; };
		599F9FD824925BA700214470 /* Base */ = {isa = PBXFileReference; lastKnownFileType = file.storyboard; name = Base; path = Base.lproj/LaunchScreen.storyboard; sourceTree = "<group>"; };
		599F9FDA24925BA700214470 /* Info.plist */ = {isa = PBXFileReference; lastKnownFileType = text.plist.xml; path = Info.plist; sourceTree = "<group>"; };
		599F9FE024925FD900214470 /* MoviesViewController.swift */ = {isa = PBXFileReference; lastKnownFileType = sourcecode.swift; path = MoviesViewController.swift; sourceTree = "<group>"; };
		599F9FE22492663300214470 /* MovieCell.swift */ = {isa = PBXFileReference; lastKnownFileType = sourcecode.swift; path = MovieCell.swift; sourceTree = "<group>"; };
/* End PBXFileReference section */

/* Begin PBXFrameworksBuildPhase section */
		599F9FC624925B9C00214470 /* Frameworks */ = {
			isa = PBXFrameworksBuildPhase;
			buildActionMask = 2147483647;
			files = (
				CC555CA87835E454FFF0D0ED /* Pods_FlixApp.framework in Frameworks */,
			);
			runOnlyForDeploymentPostprocessing = 0;
		};
/* End PBXFrameworksBuildPhase section */

/* Begin PBXGroup section */
		599F9FC024925B9C00214470 = {
			isa = PBXGroup;
			children = (
				599F9FCB24925B9C00214470 /* FlixApp */,
				599F9FCA24925B9C00214470 /* Products */,
				C5DA3E3AD65519BD52E6D39D /* Pods */,
				5AB671F970916916123333E5 /* Frameworks */,
			);
			sourceTree = "<group>";
		};
		599F9FCA24925B9C00214470 /* Products */ = {
			isa = PBXGroup;
			children = (
				599F9FC924925B9C00214470 /* FlixApp.app */,
			);
			name = Products;
			sourceTree = "<group>";
		};
		599F9FCB24925B9C00214470 /* FlixApp */ = {
			isa = PBXGroup;
			children = (
				599F9FCC24925B9C00214470 /* AppDelegate.swift */,
				599F9FCE24925B9C00214470 /* SceneDelegate.swift */,
				599F9FD224925B9C00214470 /* Main.storyboard */,
				596AC5D92499934400F8CBAE /* MovieGridCollectionViewCell.swift */,
				596AC5D724998DFD00F8CBAE /* MovieGridViewController.swift */,
				596AC5D52499585E00F8CBAE /* MovieDetailsViewController.swift */,
				599F9FD524925BA700214470 /* Assets.xcassets */,
				599F9FD724925BA700214470 /* LaunchScreen.storyboard */,
				599F9FE024925FD900214470 /* MoviesViewController.swift */,
				599F9FE22492663300214470 /* MovieCell.swift */,
				599F9FDA24925BA700214470 /* Info.plist */,
			);
			path = FlixApp;
			sourceTree = "<group>";
		};
		5AB671F970916916123333E5 /* Frameworks */ = {
			isa = PBXGroup;
			children = (
				106334BB9DFA6AD88EF3AC8F /* Pods_FlixApp.framework */,
			);
			name = Frameworks;
			sourceTree = "<group>";
		};
		C5DA3E3AD65519BD52E6D39D /* Pods */ = {
			isa = PBXGroup;
			children = (
				58C47CC309BB33940D139B78 /* Pods-FlixApp.debug.xcconfig */,
				0C444F22B8B5FC69583271F4 /* Pods-FlixApp.release.xcconfig */,
			);
			path = Pods;
			sourceTree = "<group>";
		};
/* End PBXGroup section */

/* Begin PBXNativeTarget section */
		599F9FC824925B9C00214470 /* FlixApp */ = {
			isa = PBXNativeTarget;
			buildConfigurationList = 599F9FDD24925BA700214470 /* Build configuration list for PBXNativeTarget "FlixApp" */;
			buildPhases = (
				37919D06AD067D8F1B4B8594 /* [CP] Check Pods Manifest.lock */,
				599F9FC524925B9C00214470 /* Sources */,
				599F9FC624925B9C00214470 /* Frameworks */,
				599F9FC724925B9C00214470 /* Resources */,
				08AFAEE3507075C3C5699E4A /* [CP] Embed Pods Frameworks */,
			);
			buildRules = (
			);
			dependencies = (
			);
			name = FlixApp;
			productName = FlixApp;
			productReference = 599F9FC924925B9C00214470 /* FlixApp.app */;
			productType = "com.apple.product-type.application";
		};
/* End PBXNativeTarget section */

/* Begin PBXProject section */
		599F9FC124925B9C00214470 /* Project object */ = {
			isa = PBXProject;
			attributes = {
				LastSwiftUpdateCheck = 1150;
				LastUpgradeCheck = 1150;
				ORGANIZATIONNAME = "Andrés Aguilar";
				TargetAttributes = {
					599F9FC824925B9C00214470 = {
						CreatedOnToolsVersion = 11.5;
					};
				};
			};
			buildConfigurationList = 599F9FC424925B9C00214470 /* Build configuration list for PBXProject "FlixApp" */;
			compatibilityVersion = "Xcode 9.3";
			developmentRegion = en;
			hasScannedForEncodings = 0;
			knownRegions = (
				en,
				Base,
			);
			mainGroup = 599F9FC024925B9C00214470;
			productRefGroup = 599F9FCA24925B9C00214470 /* Products */;
			projectDirPath = "";
			projectRoot = "";
			targets = (
				599F9FC824925B9C00214470 /* FlixApp */,
			);
		};
/* End PBXProject section */

/* Begin PBXResourcesBuildPhase section */
		599F9FC724925B9C00214470 /* Resources */ = {
			isa = PBXResourcesBuildPhase;
			buildActionMask = 2147483647;
			files = (
				599F9FD924925BA700214470 /* LaunchScreen.storyboard in Resources */,
				599F9FD624925BA700214470 /* Assets.xcassets in Resources */,
				599F9FD424925B9C00214470 /* Main.storyboard in Resources */,
			);
			runOnlyForDeploymentPostprocessing = 0;
		};
/* End PBXResourcesBuildPhase section */

/* Begin PBXShellScriptBuildPhase section */
		08AFAEE3507075C3C5699E4A /* [CP] Embed Pods Frameworks */ = {
			isa = PBXShellScriptBuildPhase;
			buildActionMask = 2147483647;
			files = (
			);
			inputFileListPaths = (
				"${PODS_ROOT}/Target Support Files/Pods-FlixApp/Pods-FlixApp-frameworks-${CONFIGURATION}-input-files.xcfilelist",
			);
			name = "[CP] Embed Pods Frameworks";
			outputFileListPaths = (
				"${PODS_ROOT}/Target Support Files/Pods-FlixApp/Pods-FlixApp-frameworks-${CONFIGURATION}-output-files.xcfilelist",
			);
			runOnlyForDeploymentPostprocessing = 0;
			shellPath = /bin/sh;
			shellScript = "\"${PODS_ROOT}/Target Support Files/Pods-FlixApp/Pods-FlixApp-frameworks.sh\"\n";
			showEnvVarsInLog = 0;
		};
		37919D06AD067D8F1B4B8594 /* [CP] Check Pods Manifest.lock */ = {
			isa = PBXShellScriptBuildPhase;
			buildActionMask = 2147483647;
			files = (
			);
			inputFileListPaths = (
			);
			inputPaths = (
				"${PODS_PODFILE_DIR_PATH}/Podfile.lock",
				"${PODS_ROOT}/Manifest.lock",
			);
			name = "[CP] Check Pods Manifest.lock";
			outputFileListPaths = (
			);
			outputPaths = (
				"$(DERIVED_FILE_DIR)/Pods-FlixApp-checkManifestLockResult.txt",
			);
			runOnlyForDeploymentPostprocessing = 0;
			shellPath = /bin/sh;
			shellScript = "diff \"${PODS_PODFILE_DIR_PATH}/Podfile.lock\" \"${PODS_ROOT}/Manifest.lock\" > /dev/null\nif [ $? != 0 ] ; then\n    # print error to STDERR\n    echo \"error: The sandbox is not in sync with the Podfile.lock. Run 'pod install' or update your CocoaPods installation.\" >&2\n    exit 1\nfi\n# This output is used by Xcode 'outputs' to avoid re-running this script phase.\necho \"SUCCESS\" > \"${SCRIPT_OUTPUT_FILE_0}\"\n";
			showEnvVarsInLog = 0;
		};
/* End PBXShellScriptBuildPhase section */

/* Begin PBXSourcesBuildPhase section */
		599F9FC524925B9C00214470 /* Sources */ = {
			isa = PBXSourcesBuildPhase;
			buildActionMask = 2147483647;
			files = (
				596AC5DA2499934400F8CBAE /* MovieGridCollectionViewCell.swift in Sources */,
				596AC5D62499585E00F8CBAE /* MovieDetailsViewController.swift in Sources */,
				599F9FCD24925B9C00214470 /* AppDelegate.swift in Sources */,
				599F9FCF24925B9C00214470 /* SceneDelegate.swift in Sources */,
				599F9FE32492663300214470 /* MovieCell.swift in Sources */,
				599F9FE124925FD900214470 /* MoviesViewController.swift in Sources */,
				596AC5D824998DFD00F8CBAE /* MovieGridViewController.swift in Sources */,
			);
			runOnlyForDeploymentPostprocessing = 0;
		};
/* End PBXSourcesBuildPhase section */

/* Begin PBXVariantGroup section */
		599F9FD224925B9C00214470 /* Main.storyboard */ = {
			isa = PBXVariantGroup;
			children = (
				599F9FD324925B9C00214470 /* Base */,
			);
			name = Main.storyboard;
			sourceTree = "<group>";
		};
		599F9FD724925BA700214470 /* LaunchScreen.storyboard */ = {
			isa = PBXVariantGroup;
			children = (
				599F9FD824925BA700214470 /* Base */,
			);
			name = LaunchScreen.storyboard;
			sourceTree = "<group>";
		};
/* End PBXVariantGroup section */

/* Begin XCBuildConfiguration section */
		599F9FDB24925BA700214470 /* Debug */ = {
			isa = XCBuildConfiguration;
			buildSettings = {
				ALWAYS_SEARCH_USER_PATHS = NO;
				CLANG_ANALYZER_NONNULL = YES;
				CLANG_ANALYZER_NUMBER_OBJECT_CONVERSION = YES_AGGRESSIVE;
				CLANG_CXX_LANGUAGE_STANDARD = "gnu++14";
				CLANG_CXX_LIBRARY = "libc++";
				CLANG_ENABLE_MODULES = YES;
				CLANG_ENABLE_OBJC_ARC = YES;
				CLANG_ENABLE_OBJC_WEAK = YES;
				CLANG_WARN_BLOCK_CAPTURE_AUTORELEASING = YES;
				CLANG_WARN_BOOL_CONVERSION = YES;
				CLANG_WARN_COMMA = YES;
				CLANG_WARN_CONSTANT_CONVERSION = YES;
				CLANG_WARN_DEPRECATED_OBJC_IMPLEMENTATIONS = YES;
				CLANG_WARN_DIRECT_OBJC_ISA_USAGE = YES_ERROR;
				CLANG_WARN_DOCUMENTATION_COMMENTS = YES;
				CLANG_WARN_EMPTY_BODY = YES;
				CLANG_WARN_ENUM_CONVERSION = YES;
				CLANG_WARN_INFINITE_RECURSION = YES;
				CLANG_WARN_INT_CONVERSION = YES;
				CLANG_WARN_NON_LITERAL_NULL_CONVERSION = YES;
				CLANG_WARN_OBJC_IMPLICIT_RETAIN_SELF = YES;
				CLANG_WARN_OBJC_LITERAL_CONVERSION = YES;
				CLANG_WARN_OBJC_ROOT_CLASS = YES_ERROR;
				CLANG_WARN_RANGE_LOOP_ANALYSIS = YES;
				CLANG_WARN_STRICT_PROTOTYPES = YES;
				CLANG_WARN_SUSPICIOUS_MOVE = YES;
				CLANG_WARN_UNGUARDED_AVAILABILITY = YES_AGGRESSIVE;
				CLANG_WARN_UNREACHABLE_CODE = YES;
				CLANG_WARN__DUPLICATE_METHOD_MATCH = YES;
				COPY_PHASE_STRIP = NO;
				DEBUG_INFORMATION_FORMAT = dwarf;
				ENABLE_STRICT_OBJC_MSGSEND = YES;
				ENABLE_TESTABILITY = YES;
				GCC_C_LANGUAGE_STANDARD = gnu11;
				GCC_DYNAMIC_NO_PIC = NO;
				GCC_NO_COMMON_BLOCKS = YES;
				GCC_OPTIMIZATION_LEVEL = 0;
				GCC_PREPROCESSOR_DEFINITIONS = (
					"DEBUG=1",
					"$(inherited)",
				);
				GCC_WARN_64_TO_32_BIT_CONVERSION = YES;
				GCC_WARN_ABOUT_RETURN_TYPE = YES_ERROR;
				GCC_WARN_UNDECLARED_SELECTOR = YES;
				GCC_WARN_UNINITIALIZED_AUTOS = YES_AGGRESSIVE;
				GCC_WARN_UNUSED_FUNCTION = YES;
				GCC_WARN_UNUSED_VARIABLE = YES;
				IPHONEOS_DEPLOYMENT_TARGET = 13.5;
				MTL_ENABLE_DEBUG_INFO = INCLUDE_SOURCE;
				MTL_FAST_MATH = YES;
				ONLY_ACTIVE_ARCH = YES;
				SDKROOT = iphoneos;
				SWIFT_ACTIVE_COMPILATION_CONDITIONS = DEBUG;
				SWIFT_OPTIMIZATION_LEVEL = "-Onone";
			};
			name = Debug;
		};
		599F9FDC24925BA700214470 /* Release */ = {
			isa = XCBuildConfiguration;
			buildSettings = {
				ALWAYS_SEARCH_USER_PATHS = NO;
				CLANG_ANALYZER_NONNULL = YES;
				CLANG_ANALYZER_NUMBER_OBJECT_CONVERSION = YES_AGGRESSIVE;
				CLANG_CXX_LANGUAGE_STANDARD = "gnu++14";
				CLANG_CXX_LIBRARY = "libc++";
				CLANG_ENABLE_MODULES = YES;
				CLANG_ENABLE_OBJC_ARC = YES;
				CLANG_ENABLE_OBJC_WEAK = YES;
				CLANG_WARN_BLOCK_CAPTURE_AUTORELEASING = YES;
				CLANG_WARN_BOOL_CONVERSION = YES;
				CLANG_WARN_COMMA = YES;
				CLANG_WARN_CONSTANT_CONVERSION = YES;
				CLANG_WARN_DEPRECATED_OBJC_IMPLEMENTATIONS = YES;
				CLANG_WARN_DIRECT_OBJC_ISA_USAGE = YES_ERROR;
				CLANG_WARN_DOCUMENTATION_COMMENTS = YES;
				CLANG_WARN_EMPTY_BODY = YES;
				CLANG_WARN_ENUM_CONVERSION = YES;
				CLANG_WARN_INFINITE_RECURSION = YES;
				CLANG_WARN_INT_CONVERSION = YES;
				CLANG_WARN_NON_LITERAL_NULL_CONVERSION = YES;
				CLANG_WARN_OBJC_IMPLICIT_RETAIN_SELF = YES;
				CLANG_WARN_OBJC_LITERAL_CONVERSION = YES;
				CLANG_WARN_OBJC_ROOT_CLASS = YES_ERROR;
				CLANG_WARN_RANGE_LOOP_ANALYSIS = YES;
				CLANG_WARN_STRICT_PROTOTYPES = YES;
				CLANG_WARN_SUSPICIOUS_MOVE = YES;
				CLANG_WARN_UNGUARDED_AVAILABILITY = YES_AGGRESSIVE;
				CLANG_WARN_UNREACHABLE_CODE = YES;
				CLANG_WARN__DUPLICATE_METHOD_MATCH = YES;
				COPY_PHASE_STRIP = NO;
				DEBUG_INFORMATION_FORMAT = "dwarf-with-dsym";
				ENABLE_NS_ASSERTIONS = NO;
				ENABLE_STRICT_OBJC_MSGSEND = YES;
				GCC_C_LANGUAGE_STANDARD = gnu11;
				GCC_NO_COMMON_BLOCKS = YES;
				GCC_WARN_64_TO_32_BIT_CONVERSION = YES;
				GCC_WARN_ABOUT_RETURN_TYPE = YES_ERROR;
				GCC_WARN_UNDECLARED_SELECTOR = YES;
				GCC_WARN_UNINITIALIZED_AUTOS = YES_AGGRESSIVE;
				GCC_WARN_UNUSED_FUNCTION = YES;
				GCC_WARN_UNUSED_VARIABLE = YES;
				IPHONEOS_DEPLOYMENT_TARGET = 13.5;
				MTL_ENABLE_DEBUG_INFO = NO;
				MTL_FAST_MATH = YES;
				SDKROOT = iphoneos;
				SWIFT_COMPILATION_MODE = wholemodule;
				SWIFT_OPTIMIZATION_LEVEL = "-O";
				VALIDATE_PRODUCT = YES;
			};
			name = Release;
		};
		599F9FDE24925BA700214470 /* Debug */ = {
			isa = XCBuildConfiguration;
			baseConfigurationReference = 58C47CC309BB33940D139B78 /* Pods-FlixApp.debug.xcconfig */;
			buildSettings = {
				ASSETCATALOG_COMPILER_APPICON_NAME = AppIcon;
				CODE_SIGN_STYLE = Automatic;
				DEVELOPMENT_TEAM = 33DPKNK4HY;
				INFOPLIST_FILE = FlixApp/Info.plist;
				LD_RUNPATH_SEARCH_PATHS = (
					"$(inherited)",
					"@executable_path/Frameworks",
				);
				PRODUCT_BUNDLE_IDENTIFIER = com.andresaguilar.FlixApp;
				PRODUCT_NAME = "$(TARGET_NAME)";
				SWIFT_VERSION = 5.0;
				TARGETED_DEVICE_FAMILY = "1,2";
			};
			name = Debug;
		};
		599F9FDF24925BA700214470 /* Release */ = {
			isa = XCBuildConfiguration;
			baseConfigurationReference = 0C444F22B8B5FC69583271F4 /* Pods-FlixApp.release.xcconfig */;
			buildSettings = {
				ASSETCATALOG_COMPILER_APPICON_NAME = AppIcon;
				CODE_SIGN_STYLE = Automatic;
				DEVELOPMENT_TEAM = 33DPKNK4HY;
				INFOPLIST_FILE = FlixApp/Info.plist;
				LD_RUNPATH_SEARCH_PATHS = (
					"$(inherited)",
					"@executable_path/Frameworks",
				);
				PRODUCT_BUNDLE_IDENTIFIER = com.andresaguilar.FlixApp;
				PRODUCT_NAME = "$(TARGET_NAME)";
				SWIFT_VERSION = 5.0;
				TARGETED_DEVICE_FAMILY = "1,2";
			};
			name = Release;
		};
/* End XCBuildConfiguration section */

/* Begin XCConfigurationList section */
		599F9FC424925B9C00214470 /* Build configuration list for PBXProject "FlixApp" */ = {
			isa = XCConfigurationList;
			buildConfigurations = (
				599F9FDB24925BA700214470 /* Debug */,
				599F9FDC24925BA700214470 /* Release */,
			);
			defaultConfigurationIsVisible = 0;
			defaultConfigurationName = Release;
		};
		599F9FDD24925BA700214470 /* Build configuration list for PBXNativeTarget "FlixApp" */ = {
			isa = XCConfigurationList;
			buildConfigurations = (
				599F9FDE24925BA700214470 /* Debug */,
				599F9FDF24925BA700214470 /* Release */,
			);
			defaultConfigurationIsVisible = 0;
			defaultConfigurationName = Release;
		};
/* End XCConfigurationList section */
	};
	rootObject = 599F9FC124925B9C00214470 /* Project object */;
}
